// !$*UTF8*$!
{
	archiveVersion = 1;
	classes = {
	};
	objectVersion = 46;
	objects = {

/* Begin PBXBuildFile section */
		8C5A64E9167A413F005ED5D7 /* MessageUI.framework in Frameworks */ = {isa = PBXBuildFile; fileRef = 8CF5E4971524D25900ABAD50 /* MessageUI.framework */; };
		8C5A64EA167A4146005ED5D7 /* QuartzCore.framework in Frameworks */ = {isa = PBXBuildFile; fileRef = 8CF5E48C1524D22D00ABAD50 /* QuartzCore.framework */; };
		8C5A64EB167A414D005ED5D7 /* UIKit.framework in Frameworks */ = {isa = PBXBuildFile; fileRef = 8CF5E48E1524D23500ABAD50 /* UIKit.framework */; };
		8CE35DDA167F8CF100EA3A62 /* CGPDFDocument.h in Headers */ = {isa = PBXBuildFile; fileRef = 8CE35DB2167F8CF100EA3A62 /* CGPDFDocument.h */; };
		8CE35DDB167F8CF100EA3A62 /* CGPDFDocument.m in Sources */ = {isa = PBXBuildFile; fileRef = 8CE35DB3167F8CF100EA3A62 /* CGPDFDocument.m */; };
		8CE35DDC167F8CF100EA3A62 /* ReaderConstants.h in Headers */ = {isa = PBXBuildFile; fileRef = 8CE35DB4167F8CF100EA3A62 /* ReaderConstants.h */; };
		8CE35DDD167F8CF100EA3A62 /* ReaderConstants.m in Sources */ = {isa = PBXBuildFile; fileRef = 8CE35DB5167F8CF100EA3A62 /* ReaderConstants.m */; };
		8CE35DDE167F8CF100EA3A62 /* ReaderContentPage.h in Headers */ = {isa = PBXBuildFile; fileRef = 8CE35DB6167F8CF100EA3A62 /* ReaderContentPage.h */; };
		8CE35DDF167F8CF100EA3A62 /* ReaderContentPage.m in Sources */ = {isa = PBXBuildFile; fileRef = 8CE35DB7167F8CF100EA3A62 /* ReaderContentPage.m */; };
		8CE35DE0167F8CF100EA3A62 /* ReaderContentTile.h in Headers */ = {isa = PBXBuildFile; fileRef = 8CE35DB8167F8CF100EA3A62 /* ReaderContentTile.h */; };
		8CE35DE1167F8CF100EA3A62 /* ReaderContentTile.m in Sources */ = {isa = PBXBuildFile; fileRef = 8CE35DB9167F8CF100EA3A62 /* ReaderContentTile.m */; };
		8CE35DE2167F8CF100EA3A62 /* ReaderContentView.h in Headers */ = {isa = PBXBuildFile; fileRef = 8CE35DBA167F8CF100EA3A62 /* ReaderContentView.h */; };
		8CE35DE3167F8CF100EA3A62 /* ReaderContentView.m in Sources */ = {isa = PBXBuildFile; fileRef = 8CE35DBB167F8CF100EA3A62 /* ReaderContentView.m */; };
		8CE35DE4167F8CF100EA3A62 /* ReaderDocument.h in Headers */ = {isa = PBXBuildFile; fileRef = 8CE35DBC167F8CF100EA3A62 /* ReaderDocument.h */; };
		8CE35DE5167F8CF100EA3A62 /* ReaderDocument.m in Sources */ = {isa = PBXBuildFile; fileRef = 8CE35DBD167F8CF100EA3A62 /* ReaderDocument.m */; };
		8CE35DE6167F8CF100EA3A62 /* ReaderDocumentOutline.h in Headers */ = {isa = PBXBuildFile; fileRef = 8CE35DBE167F8CF100EA3A62 /* ReaderDocumentOutline.h */; };
		8CE35DE7167F8CF100EA3A62 /* ReaderDocumentOutline.m in Sources */ = {isa = PBXBuildFile; fileRef = 8CE35DBF167F8CF100EA3A62 /* ReaderDocumentOutline.m */; };
		8CE35DE8167F8CF100EA3A62 /* ReaderMainPagebar.h in Headers */ = {isa = PBXBuildFile; fileRef = 8CE35DC0167F8CF100EA3A62 /* ReaderMainPagebar.h */; };
		8CE35DE9167F8CF100EA3A62 /* ReaderMainPagebar.m in Sources */ = {isa = PBXBuildFile; fileRef = 8CE35DC1167F8CF100EA3A62 /* ReaderMainPagebar.m */; };
		8CE35DEA167F8CF100EA3A62 /* ReaderMainToolbar.h in Headers */ = {isa = PBXBuildFile; fileRef = 8CE35DC2167F8CF100EA3A62 /* ReaderMainToolbar.h */; };
		8CE35DEB167F8CF100EA3A62 /* ReaderMainToolbar.m in Sources */ = {isa = PBXBuildFile; fileRef = 8CE35DC3167F8CF100EA3A62 /* ReaderMainToolbar.m */; };
		8CE35DEC167F8CF100EA3A62 /* ReaderThumbCache.h in Headers */ = {isa = PBXBuildFile; fileRef = 8CE35DC4167F8CF100EA3A62 /* ReaderThumbCache.h */; };
		8CE35DED167F8CF100EA3A62 /* ReaderThumbCache.m in Sources */ = {isa = PBXBuildFile; fileRef = 8CE35DC5167F8CF100EA3A62 /* ReaderThumbCache.m */; };
		8CE35DEE167F8CF100EA3A62 /* ReaderThumbFetch.h in Headers */ = {isa = PBXBuildFile; fileRef = 8CE35DC6167F8CF100EA3A62 /* ReaderThumbFetch.h */; };
		8CE35DEF167F8CF100EA3A62 /* ReaderThumbFetch.m in Sources */ = {isa = PBXBuildFile; fileRef = 8CE35DC7167F8CF100EA3A62 /* ReaderThumbFetch.m */; };
		8CE35DF0167F8CF100EA3A62 /* ReaderThumbQueue.h in Headers */ = {isa = PBXBuildFile; fileRef = 8CE35DC8167F8CF100EA3A62 /* ReaderThumbQueue.h */; };
		8CE35DF1167F8CF100EA3A62 /* ReaderThumbQueue.m in Sources */ = {isa = PBXBuildFile; fileRef = 8CE35DC9167F8CF100EA3A62 /* ReaderThumbQueue.m */; };
		8CE35DF2167F8CF100EA3A62 /* ReaderThumbRender.h in Headers */ = {isa = PBXBuildFile; fileRef = 8CE35DCA167F8CF100EA3A62 /* ReaderThumbRender.h */; };
		8CE35DF3167F8CF100EA3A62 /* ReaderThumbRender.m in Sources */ = {isa = PBXBuildFile; fileRef = 8CE35DCB167F8CF100EA3A62 /* ReaderThumbRender.m */; };
		8CE35DF4167F8CF100EA3A62 /* ReaderThumbRequest.h in Headers */ = {isa = PBXBuildFile; fileRef = 8CE35DCC167F8CF100EA3A62 /* ReaderThumbRequest.h */; };
		8CE35DF5167F8CF100EA3A62 /* ReaderThumbRequest.m in Sources */ = {isa = PBXBuildFile; fileRef = 8CE35DCD167F8CF100EA3A62 /* ReaderThumbRequest.m */; };
		8CE35DF6167F8CF100EA3A62 /* ReaderThumbsView.h in Headers */ = {isa = PBXBuildFile; fileRef = 8CE35DCE167F8CF100EA3A62 /* ReaderThumbsView.h */; };
		8CE35DF7167F8CF100EA3A62 /* ReaderThumbsView.m in Sources */ = {isa = PBXBuildFile; fileRef = 8CE35DCF167F8CF100EA3A62 /* ReaderThumbsView.m */; };
		8CE35DF8167F8CF100EA3A62 /* ReaderThumbView.h in Headers */ = {isa = PBXBuildFile; fileRef = 8CE35DD0167F8CF100EA3A62 /* ReaderThumbView.h */; };
		8CE35DF9167F8CF100EA3A62 /* ReaderThumbView.m in Sources */ = {isa = PBXBuildFile; fileRef = 8CE35DD1167F8CF100EA3A62 /* ReaderThumbView.m */; };
		8CE35DFA167F8CF100EA3A62 /* ReaderViewController.h in Headers */ = {isa = PBXBuildFile; fileRef = 8CE35DD2167F8CF100EA3A62 /* ReaderViewController.h */; };
		8CE35DFB167F8CF100EA3A62 /* ReaderViewController.m in Sources */ = {isa = PBXBuildFile; fileRef = 8CE35DD3167F8CF100EA3A62 /* ReaderViewController.m */; };
		8CE35DFC167F8CF100EA3A62 /* ThumbsMainToolbar.h in Headers */ = {isa = PBXBuildFile; fileRef = 8CE35DD4167F8CF100EA3A62 /* ThumbsMainToolbar.h */; };
		8CE35DFD167F8CF100EA3A62 /* ThumbsMainToolbar.m in Sources */ = {isa = PBXBuildFile; fileRef = 8CE35DD5167F8CF100EA3A62 /* ThumbsMainToolbar.m */; };
		8CE35DFE167F8CF100EA3A62 /* ThumbsViewController.h in Headers */ = {isa = PBXBuildFile; fileRef = 8CE35DD6167F8CF100EA3A62 /* ThumbsViewController.h */; };
		8CE35DFF167F8CF100EA3A62 /* ThumbsViewController.m in Sources */ = {isa = PBXBuildFile; fileRef = 8CE35DD7167F8CF100EA3A62 /* ThumbsViewController.m */; };
		8CE35E00167F8CF100EA3A62 /* UIXToolbarView.h in Headers */ = {isa = PBXBuildFile; fileRef = 8CE35DD8167F8CF100EA3A62 /* UIXToolbarView.h */; };
		8CE35E01167F8CF100EA3A62 /* UIXToolbarView.m in Sources */ = {isa = PBXBuildFile; fileRef = 8CE35DD9167F8CF100EA3A62 /* UIXToolbarView.m */; };
		8CF5E3D91524D1AC00ABAD50 /* Foundation.framework in Frameworks */ = {isa = PBXBuildFile; fileRef = 8CF5E3D81524D1AC00ABAD50 /* Foundation.framework */; };
		8CF5E3DF1524D1AC00ABAD50 /* VfrPdfReader.m in Sources */ = {isa = PBXBuildFile; fileRef = 8CF5E3DE1524D1AC00ABAD50 /* VfrPdfReader.m */; };
		8CF5E3E91524D1AC00ABAD50 /* UIKit.framework in Frameworks */ = {isa = PBXBuildFile; fileRef = 8CF5E3E81524D1AC00ABAD50 /* UIKit.framework */; };
		8CF5E3EA1524D1AC00ABAD50 /* Foundation.framework in Frameworks */ = {isa = PBXBuildFile; fileRef = 8CF5E3D81524D1AC00ABAD50 /* Foundation.framework */; };
		8CF5E3EC1524D1AC00ABAD50 /* CoreGraphics.framework in Frameworks */ = {isa = PBXBuildFile; fileRef = 8CF5E3EB1524D1AC00ABAD50 /* CoreGraphics.framework */; };
		8CF5E3EF1524D1AC00ABAD50 /* libVfrPdfReader.a in Frameworks */ = {isa = PBXBuildFile; fileRef = 8CF5E3D51524D1AC00ABAD50 /* libVfrPdfReader.a */; };
		8CF5E4541524D1CA00ABAD50 /* FlashRuntimeExtensions.h in Headers */ = {isa = PBXBuildFile; fileRef = 8CF5E4021524D1CA00ABAD50 /* FlashRuntimeExtensions.h */; };
		8CF5E4551524D1CA00ABAD50 /* NativePdfReader-Prefix.pch in Headers */ = {isa = PBXBuildFile; fileRef = 8CF5E4161524D1CA00ABAD50 /* NativePdfReader-Prefix.pch */; };
		8CF5E4581524D1CA00ABAD50 /* NativePdfReaderHelper.h in Headers */ = {isa = PBXBuildFile; fileRef = 8CF5E4191524D1CA00ABAD50 /* NativePdfReaderHelper.h */; };
		8CF5E4591524D1CA00ABAD50 /* NativePdfReaderHelper.m in Sources */ = {isa = PBXBuildFile; fileRef = 8CF5E41A1524D1CA00ABAD50 /* NativePdfReaderHelper.m */; };
		8CF5E4941524D24C00ABAD50 /* ImageIO.framework in Frameworks */ = {isa = PBXBuildFile; fileRef = 8CF5E4931524D24C00ABAD50 /* ImageIO.framework */; };
/* End PBXBuildFile section */

/* Begin PBXContainerItemProxy section */
		8CF5E3ED1524D1AC00ABAD50 /* PBXContainerItemProxy */ = {
			isa = PBXContainerItemProxy;
			containerPortal = 8CF5E3CC1524D1AB00ABAD50 /* Project object */;
			proxyType = 1;
			remoteGlobalIDString = 8CF5E3D41524D1AC00ABAD50;
			remoteInfo = VfrPdfReader;
		};
/* End PBXContainerItemProxy section */

/* Begin PBXFileReference section */
		8CE35DB2167F8CF100EA3A62 /* CGPDFDocument.h */ = {isa = PBXFileReference; fileEncoding = 4; lastKnownFileType = sourcecode.c.h; path = CGPDFDocument.h; sourceTree = "<group>"; };
		8CE35DB3167F8CF100EA3A62 /* CGPDFDocument.m */ = {isa = PBXFileReference; fileEncoding = 4; lastKnownFileType = sourcecode.c.objc; path = CGPDFDocument.m; sourceTree = "<group>"; };
		8CE35DB4167F8CF100EA3A62 /* ReaderConstants.h */ = {isa = PBXFileReference; fileEncoding = 4; lastKnownFileType = sourcecode.c.h; path = ReaderConstants.h; sourceTree = "<group>"; };
		8CE35DB5167F8CF100EA3A62 /* ReaderConstants.m */ = {isa = PBXFileReference; fileEncoding = 4; lastKnownFileType = sourcecode.c.objc; path = ReaderConstants.m; sourceTree = "<group>"; };
		8CE35DB6167F8CF100EA3A62 /* ReaderContentPage.h */ = {isa = PBXFileReference; fileEncoding = 4; lastKnownFileType = sourcecode.c.h; path = ReaderContentPage.h; sourceTree = "<group>"; };
		8CE35DB7167F8CF100EA3A62 /* ReaderContentPage.m */ = {isa = PBXFileReference; fileEncoding = 4; lastKnownFileType = sourcecode.c.objc; path = ReaderContentPage.m; sourceTree = "<group>"; };
		8CE35DB8167F8CF100EA3A62 /* ReaderContentTile.h */ = {isa = PBXFileReference; fileEncoding = 4; lastKnownFileType = sourcecode.c.h; path = ReaderContentTile.h; sourceTree = "<group>"; };
		8CE35DB9167F8CF100EA3A62 /* ReaderContentTile.m */ = {isa = PBXFileReference; fileEncoding = 4; lastKnownFileType = sourcecode.c.objc; path = ReaderContentTile.m; sourceTree = "<group>"; };
		8CE35DBA167F8CF100EA3A62 /* ReaderContentView.h */ = {isa = PBXFileReference; fileEncoding = 4; lastKnownFileType = sourcecode.c.h; path = ReaderContentView.h; sourceTree = "<group>"; };
		8CE35DBB167F8CF100EA3A62 /* ReaderContentView.m */ = {isa = PBXFileReference; fileEncoding = 4; lastKnownFileType = sourcecode.c.objc; path = ReaderContentView.m; sourceTree = "<group>"; };
		8CE35DBC167F8CF100EA3A62 /* ReaderDocument.h */ = {isa = PBXFileReference; fileEncoding = 4; lastKnownFileType = sourcecode.c.h; path = ReaderDocument.h; sourceTree = "<group>"; };
		8CE35DBD167F8CF100EA3A62 /* ReaderDocument.m */ = {isa = PBXFileReference; fileEncoding = 4; lastKnownFileType = sourcecode.c.objc; path = ReaderDocument.m; sourceTree = "<group>"; };
		8CE35DBE167F8CF100EA3A62 /* ReaderDocumentOutline.h */ = {isa = PBXFileReference; fileEncoding = 4; lastKnownFileType = sourcecode.c.h; path = ReaderDocumentOutline.h; sourceTree = "<group>"; };
		8CE35DBF167F8CF100EA3A62 /* ReaderDocumentOutline.m */ = {isa = PBXFileReference; fileEncoding = 4; lastKnownFileType = sourcecode.c.objc; path = ReaderDocumentOutline.m; sourceTree = "<group>"; };
		8CE35DC0167F8CF100EA3A62 /* ReaderMainPagebar.h */ = {isa = PBXFileReference; fileEncoding = 4; lastKnownFileType = sourcecode.c.h; path = ReaderMainPagebar.h; sourceTree = "<group>"; };
		8CE35DC1167F8CF100EA3A62 /* ReaderMainPagebar.m */ = {isa = PBXFileReference; fileEncoding = 4; lastKnownFileType = sourcecode.c.objc; path = ReaderMainPagebar.m; sourceTree = "<group>"; };
		8CE35DC2167F8CF100EA3A62 /* ReaderMainToolbar.h */ = {isa = PBXFileReference; fileEncoding = 4; lastKnownFileType = sourcecode.c.h; path = ReaderMainToolbar.h; sourceTree = "<group>"; };
		8CE35DC3167F8CF100EA3A62 /* ReaderMainToolbar.m */ = {isa = PBXFileReference; fileEncoding = 4; lastKnownFileType = sourcecode.c.objc; path = ReaderMainToolbar.m; sourceTree = "<group>"; };
		8CE35DC4167F8CF100EA3A62 /* ReaderThumbCache.h */ = {isa = PBXFileReference; fileEncoding = 4; lastKnownFileType = sourcecode.c.h; path = ReaderThumbCache.h; sourceTree = "<group>"; };
		8CE35DC5167F8CF100EA3A62 /* ReaderThumbCache.m */ = {isa = PBXFileReference; fileEncoding = 4; lastKnownFileType = sourcecode.c.objc; path = ReaderThumbCache.m; sourceTree = "<group>"; };
		8CE35DC6167F8CF100EA3A62 /* ReaderThumbFetch.h */ = {isa = PBXFileReference; fileEncoding = 4; lastKnownFileType = sourcecode.c.h; path = ReaderThumbFetch.h; sourceTree = "<group>"; };
		8CE35DC7167F8CF100EA3A62 /* ReaderThumbFetch.m */ = {isa = PBXFileReference; fileEncoding = 4; lastKnownFileType = sourcecode.c.objc; path = ReaderThumbFetch.m; sourceTree = "<group>"; };
		8CE35DC8167F8CF100EA3A62 /* ReaderThumbQueue.h */ = {isa = PBXFileReference; fileEncoding = 4; lastKnownFileType = sourcecode.c.h; path = ReaderThumbQueue.h; sourceTree = "<group>"; };
		8CE35DC9167F8CF100EA3A62 /* ReaderThumbQueue.m */ = {isa = PBXFileReference; fileEncoding = 4; lastKnownFileType = sourcecode.c.objc; path = ReaderThumbQueue.m; sourceTree = "<group>"; };
		8CE35DCA167F8CF100EA3A62 /* ReaderThumbRender.h */ = {isa = PBXFileReference; fileEncoding = 4; lastKnownFileType = sourcecode.c.h; path = ReaderThumbRender.h; sourceTree = "<group>"; };
		8CE35DCB167F8CF100EA3A62 /* ReaderThumbRender.m */ = {isa = PBXFileReference; fileEncoding = 4; lastKnownFileType = sourcecode.c.objc; path = ReaderThumbRender.m; sourceTree = "<group>"; };
		8CE35DCC167F8CF100EA3A62 /* ReaderThumbRequest.h */ = {isa = PBXFileReference; fileEncoding = 4; lastKnownFileType = sourcecode.c.h; path = ReaderThumbRequest.h; sourceTree = "<group>"; };
		8CE35DCD167F8CF100EA3A62 /* ReaderThumbRequest.m */ = {isa = PBXFileReference; fileEncoding = 4; lastKnownFileType = sourcecode.c.objc; path = ReaderThumbRequest.m; sourceTree = "<group>"; };
		8CE35DCE167F8CF100EA3A62 /* ReaderThumbsView.h */ = {isa = PBXFileReference; fileEncoding = 4; lastKnownFileType = sourcecode.c.h; path = ReaderThumbsView.h; sourceTree = "<group>"; };
		8CE35DCF167F8CF100EA3A62 /* ReaderThumbsView.m */ = {isa = PBXFileReference; fileEncoding = 4; lastKnownFileType = sourcecode.c.objc; path = ReaderThumbsView.m; sourceTree = "<group>"; };
		8CE35DD0167F8CF100EA3A62 /* ReaderThumbView.h */ = {isa = PBXFileReference; fileEncoding = 4; lastKnownFileType = sourcecode.c.h; path = ReaderThumbView.h; sourceTree = "<group>"; };
		8CE35DD1167F8CF100EA3A62 /* ReaderThumbView.m */ = {isa = PBXFileReference; fileEncoding = 4; lastKnownFileType = sourcecode.c.objc; path = ReaderThumbView.m; sourceTree = "<group>"; };
		8CE35DD2167F8CF100EA3A62 /* ReaderViewController.h */ = {isa = PBXFileReference; fileEncoding = 4; lastKnownFileType = sourcecode.c.h; path = ReaderViewController.h; sourceTree = "<group>"; };
		8CE35DD3167F8CF100EA3A62 /* ReaderViewController.m */ = {isa = PBXFileReference; fileEncoding = 4; lastKnownFileType = sourcecode.c.objc; path = ReaderViewController.m; sourceTree = "<group>"; };
		8CE35DD4167F8CF100EA3A62 /* ThumbsMainToolbar.h */ = {isa = PBXFileReference; fileEncoding = 4; lastKnownFileType = sourcecode.c.h; path = ThumbsMainToolbar.h; sourceTree = "<group>"; };
		8CE35DD5167F8CF100EA3A62 /* ThumbsMainToolbar.m */ = {isa = PBXFileReference; fileEncoding = 4; lastKnownFileType = sourcecode.c.objc; path = ThumbsMainToolbar.m; sourceTree = "<group>"; };
		8CE35DD6167F8CF100EA3A62 /* ThumbsViewController.h */ = {isa = PBXFileReference; fileEncoding = 4; lastKnownFileType = sourcecode.c.h; path = ThumbsViewController.h; sourceTree = "<group>"; };
		8CE35DD7167F8CF100EA3A62 /* ThumbsViewController.m */ = {isa = PBXFileReference; fileEncoding = 4; lastKnownFileType = sourcecode.c.objc; path = ThumbsViewController.m; sourceTree = "<group>"; };
		8CE35DD8167F8CF100EA3A62 /* UIXToolbarView.h */ = {isa = PBXFileReference; fileEncoding = 4; lastKnownFileType = sourcecode.c.h; path = UIXToolbarView.h; sourceTree = "<group>"; };
		8CE35DD9167F8CF100EA3A62 /* UIXToolbarView.m */ = {isa = PBXFileReference; fileEncoding = 4; lastKnownFileType = sourcecode.c.objc; path = UIXToolbarView.m; sourceTree = "<group>"; };
		8CF5E3D51524D1AC00ABAD50 /* libVfrPdfReader.a */ = {isa = PBXFileReference; explicitFileType = archive.ar; includeInIndex = 0; path = libVfrPdfReader.a; sourceTree = BUILT_PRODUCTS_DIR; };
		8CF5E3D81524D1AC00ABAD50 /* Foundation.framework */ = {isa = PBXFileReference; lastKnownFileType = wrapper.framework; name = Foundation.framework; path = System/Library/Frameworks/Foundation.framework; sourceTree = SDKROOT; };
		8CF5E3DC1524D1AC00ABAD50 /* VfrPdfReader-Prefix.pch */ = {isa = PBXFileReference; lastKnownFileType = sourcecode.c.h; path = "VfrPdfReader-Prefix.pch"; sourceTree = "<group>"; };
		8CF5E3DD1524D1AC00ABAD50 /* VfrPdfReader.h */ = {isa = PBXFileReference; lastKnownFileType = sourcecode.c.h; path = VfrPdfReader.h; sourceTree = "<group>"; };
		8CF5E3DE1524D1AC00ABAD50 /* VfrPdfReader.m */ = {isa = PBXFileReference; lastKnownFileType = sourcecode.c.objc; path = VfrPdfReader.m; sourceTree = "<group>"; };
		8CF5E3E51524D1AC00ABAD50 /* VfrPdfReaderTests.octest */ = {isa = PBXFileReference; explicitFileType = wrapper.cfbundle; includeInIndex = 0; path = VfrPdfReaderTests.octest; sourceTree = BUILT_PRODUCTS_DIR; };
		8CF5E3E81524D1AC00ABAD50 /* UIKit.framework */ = {isa = PBXFileReference; lastKnownFileType = wrapper.framework; name = UIKit.framework; path = Library/Frameworks/UIKit.framework; sourceTree = DEVELOPER_DIR; };
		8CF5E3EB1524D1AC00ABAD50 /* CoreGraphics.framework */ = {isa = PBXFileReference; lastKnownFileType = wrapper.framework; name = CoreGraphics.framework; path = Library/Frameworks/CoreGraphics.framework; sourceTree = DEVELOPER_DIR; };
		8CF5E4021524D1CA00ABAD50 /* FlashRuntimeExtensions.h */ = {isa = PBXFileReference; fileEncoding = 4; lastKnownFileType = sourcecode.c.h; path = FlashRuntimeExtensions.h; sourceTree = "<group>"; };
		8CF5E4161524D1CA00ABAD50 /* NativePdfReader-Prefix.pch */ = {isa = PBXFileReference; fileEncoding = 4; lastKnownFileType = sourcecode.c.h; name = "NativePdfReader-Prefix.pch"; path = "../NativePdfReader/NativePdfReader-Prefix.pch"; sourceTree = "<group>"; };
		8CF5E4191524D1CA00ABAD50 /* NativePdfReaderHelper.h */ = {isa = PBXFileReference; fileEncoding = 4; lastKnownFileType = sourcecode.c.h; name = NativePdfReaderHelper.h; path = ../NativePdfReader/NativePdfReaderHelper.h; sourceTree = "<group>"; };
		8CF5E41A1524D1CA00ABAD50 /* NativePdfReaderHelper.m */ = {isa = PBXFileReference; fileEncoding = 4; lastKnownFileType = sourcecode.c.objc; name = NativePdfReaderHelper.m; path = ../NativePdfReader/NativePdfReaderHelper.m; sourceTree = "<group>"; };
		8CF5E4231524D1CA00ABAD50 /* de */ = {isa = PBXFileReference; lastKnownFileType = text.plist.strings; name = de; path = de.lproj/Localizable.strings; sourceTree = "<group>"; };
		8CF5E4241524D1CA00ABAD50 /* en */ = {isa = PBXFileReference; lastKnownFileType = text.plist.strings; name = en; path = en.lproj/Localizable.strings; sourceTree = "<group>"; };
		8CF5E48C1524D22D00ABAD50 /* QuartzCore.framework */ = {isa = PBXFileReference; lastKnownFileType = wrapper.framework; name = QuartzCore.framework; path = System/Library/Frameworks/QuartzCore.framework; sourceTree = SDKROOT; };
		8CF5E48E1524D23500ABAD50 /* UIKit.framework */ = {isa = PBXFileReference; lastKnownFileType = wrapper.framework; name = UIKit.framework; path = System/Library/Frameworks/UIKit.framework; sourceTree = SDKROOT; };
		8CF5E4931524D24C00ABAD50 /* ImageIO.framework */ = {isa = PBXFileReference; lastKnownFileType = wrapper.framework; name = ImageIO.framework; path = System/Library/Frameworks/ImageIO.framework; sourceTree = SDKROOT; };
		8CF5E4951524D25100ABAD50 /* CoreGraphics.framework */ = {isa = PBXFileReference; lastKnownFileType = wrapper.framework; name = CoreGraphics.framework; path = System/Library/Frameworks/CoreGraphics.framework; sourceTree = SDKROOT; };
		8CF5E4971524D25900ABAD50 /* MessageUI.framework */ = {isa = PBXFileReference; lastKnownFileType = wrapper.framework; name = MessageUI.framework; path = System/Library/Frameworks/MessageUI.framework; sourceTree = SDKROOT; };
/* End PBXFileReference section */

/* Begin PBXFrameworksBuildPhase section */
		8CF5E3D21524D1AC00ABAD50 /* Frameworks */ = {
			isa = PBXFrameworksBuildPhase;
			buildActionMask = 2147483647;
			files = (
				8C5A64EB167A414D005ED5D7 /* UIKit.framework in Frameworks */,
				8C5A64EA167A4146005ED5D7 /* QuartzCore.framework in Frameworks */,
				8C5A64E9167A413F005ED5D7 /* MessageUI.framework in Frameworks */,
				8CF5E4941524D24C00ABAD50 /* ImageIO.framework in Frameworks */,
				8CF5E3D91524D1AC00ABAD50 /* Foundation.framework in Frameworks */,
			);
			runOnlyForDeploymentPostprocessing = 0;
		};
		8CF5E3E11524D1AC00ABAD50 /* Frameworks */ = {
			isa = PBXFrameworksBuildPhase;
			buildActionMask = 2147483647;
			files = (
				8CF5E3E91524D1AC00ABAD50 /* UIKit.framework in Frameworks */,
				8CF5E3EA1524D1AC00ABAD50 /* Foundation.framework in Frameworks */,
				8CF5E3EC1524D1AC00ABAD50 /* CoreGraphics.framework in Frameworks */,
				8CF5E3EF1524D1AC00ABAD50 /* libVfrPdfReader.a in Frameworks */,
			);
			runOnlyForDeploymentPostprocessing = 0;
		};
/* End PBXFrameworksBuildPhase section */

/* Begin PBXGroup section */
		8CE35DB1167F8CF100EA3A62 /* Sources */ = {
			isa = PBXGroup;
			children = (
				8CE35DB2167F8CF100EA3A62 /* CGPDFDocument.h */,
				8CE35DB3167F8CF100EA3A62 /* CGPDFDocument.m */,
				8CE35DB4167F8CF100EA3A62 /* ReaderConstants.h */,
				8CE35DB5167F8CF100EA3A62 /* ReaderConstants.m */,
				8CE35DB6167F8CF100EA3A62 /* ReaderContentPage.h */,
				8CE35DB7167F8CF100EA3A62 /* ReaderContentPage.m */,
				8CE35DB8167F8CF100EA3A62 /* ReaderContentTile.h */,
				8CE35DB9167F8CF100EA3A62 /* ReaderContentTile.m */,
				8CE35DBA167F8CF100EA3A62 /* ReaderContentView.h */,
				8CE35DBB167F8CF100EA3A62 /* ReaderContentView.m */,
				8CE35DBC167F8CF100EA3A62 /* ReaderDocument.h */,
				8CE35DBD167F8CF100EA3A62 /* ReaderDocument.m */,
				8CE35DBE167F8CF100EA3A62 /* ReaderDocumentOutline.h */,
				8CE35DBF167F8CF100EA3A62 /* ReaderDocumentOutline.m */,
				8CE35DC0167F8CF100EA3A62 /* ReaderMainPagebar.h */,
				8CE35DC1167F8CF100EA3A62 /* ReaderMainPagebar.m */,
				8CE35DC2167F8CF100EA3A62 /* ReaderMainToolbar.h */,
				8CE35DC3167F8CF100EA3A62 /* ReaderMainToolbar.m */,
				8CE35DC4167F8CF100EA3A62 /* ReaderThumbCache.h */,
				8CE35DC5167F8CF100EA3A62 /* ReaderThumbCache.m */,
				8CE35DC6167F8CF100EA3A62 /* ReaderThumbFetch.h */,
				8CE35DC7167F8CF100EA3A62 /* ReaderThumbFetch.m */,
				8CE35DC8167F8CF100EA3A62 /* ReaderThumbQueue.h */,
				8CE35DC9167F8CF100EA3A62 /* ReaderThumbQueue.m */,
				8CE35DCA167F8CF100EA3A62 /* ReaderThumbRender.h */,
				8CE35DCB167F8CF100EA3A62 /* ReaderThumbRender.m */,
				8CE35DCC167F8CF100EA3A62 /* ReaderThumbRequest.h */,
				8CE35DCD167F8CF100EA3A62 /* ReaderThumbRequest.m */,
				8CE35DCE167F8CF100EA3A62 /* ReaderThumbsView.h */,
				8CE35DCF167F8CF100EA3A62 /* ReaderThumbsView.m */,
				8CE35DD0167F8CF100EA3A62 /* ReaderThumbView.h */,
				8CE35DD1167F8CF100EA3A62 /* ReaderThumbView.m */,
				8CE35DD2167F8CF100EA3A62 /* ReaderViewController.h */,
				8CE35DD3167F8CF100EA3A62 /* ReaderViewController.m */,
				8CE35DD4167F8CF100EA3A62 /* ThumbsMainToolbar.h */,
				8CE35DD5167F8CF100EA3A62 /* ThumbsMainToolbar.m */,
				8CE35DD6167F8CF100EA3A62 /* ThumbsViewController.h */,
				8CE35DD7167F8CF100EA3A62 /* ThumbsViewController.m */,
				8CE35DD8167F8CF100EA3A62 /* UIXToolbarView.h */,
				8CE35DD9167F8CF100EA3A62 /* UIXToolbarView.m */,
			);
			path = Sources;
			sourceTree = "<group>";
		};
		8CF5E3CA1524D1AB00ABAD50 = {
			isa = PBXGroup;
			children = (
				8CE35DB1167F8CF100EA3A62 /* Sources */,
				8CF5E4021524D1CA00ABAD50 /* FlashRuntimeExtensions.h */,
				8CF5E4151524D1CA00ABAD50 /* NativePdfReader */,
				8CF5E4211524D1CA00ABAD50 /* Resources */,
				8CF5E3DA1524D1AC00ABAD50 /* VfrPdfReader */,
				8CF5E3D71524D1AC00ABAD50 /* Frameworks */,
				8CF5E3D61524D1AC00ABAD50 /* Products */,
			);
			sourceTree = "<group>";
		};
		8CF5E3D61524D1AC00ABAD50 /* Products */ = {
			isa = PBXGroup;
			children = (
				8CF5E3D51524D1AC00ABAD50 /* libVfrPdfReader.a */,
				8CF5E3E51524D1AC00ABAD50 /* VfrPdfReaderTests.octest */,
			);
			name = Products;
			sourceTree = "<group>";
		};
		8CF5E3D71524D1AC00ABAD50 /* Frameworks */ = {
			isa = PBXGroup;
			children = (
				8CF5E4971524D25900ABAD50 /* MessageUI.framework */,
				8CF5E4951524D25100ABAD50 /* CoreGraphics.framework */,
				8CF5E4931524D24C00ABAD50 /* ImageIO.framework */,
				8CF5E48E1524D23500ABAD50 /* UIKit.framework */,
				8CF5E48C1524D22D00ABAD50 /* QuartzCore.framework */,
				8CF5E3D81524D1AC00ABAD50 /* Foundation.framework */,
				8CF5E3E81524D1AC00ABAD50 /* UIKit.framework */,
				8CF5E3EB1524D1AC00ABAD50 /* CoreGraphics.framework */,
			);
			name = Frameworks;
			sourceTree = "<group>";
		};
		8CF5E3DA1524D1AC00ABAD50 /* VfrPdfReader */ = {
			isa = PBXGroup;
			children = (
				8CF5E4161524D1CA00ABAD50 /* NativePdfReader-Prefix.pch */,
				8CF5E4191524D1CA00ABAD50 /* NativePdfReaderHelper.h */,
				8CF5E41A1524D1CA00ABAD50 /* NativePdfReaderHelper.m */,
				8CF5E3DD1524D1AC00ABAD50 /* VfrPdfReader.h */,
				8CF5E3DE1524D1AC00ABAD50 /* VfrPdfReader.m */,
				8CF5E3DB1524D1AC00ABAD50 /* Supporting Files */,
			);
			path = VfrPdfReader;
			sourceTree = "<group>";
		};
		8CF5E3DB1524D1AC00ABAD50 /* Supporting Files */ = {
			isa = PBXGroup;
			children = (
				8CF5E3DC1524D1AC00ABAD50 /* VfrPdfReader-Prefix.pch */,
			);
			name = "Supporting Files";
			sourceTree = "<group>";
		};
		8CF5E4151524D1CA00ABAD50 /* NativePdfReader */ = {
			isa = PBXGroup;
			children = (
			);
			path = NativePdfReader;
			sourceTree = "<group>";
		};
		8CF5E4211524D1CA00ABAD50 /* Resources */ = {
			isa = PBXGroup;
			children = (
				8CF5E4221524D1CA00ABAD50 /* Localizable.strings */,
			);
			path = Resources;
			sourceTree = "<group>";
		};
/* End PBXGroup section */

/* Begin PBXHeadersBuildPhase section */
		8CF5E3D31524D1AC00ABAD50 /* Headers */ = {
			isa = PBXHeadersBuildPhase;
			buildActionMask = 2147483647;
			files = (
				8CF5E4541524D1CA00ABAD50 /* FlashRuntimeExtensions.h in Headers */,
				8CF5E4551524D1CA00ABAD50 /* NativePdfReader-Prefix.pch in Headers */,
				8CF5E4581524D1CA00ABAD50 /* NativePdfReaderHelper.h in Headers */,
				8CE35DDA167F8CF100EA3A62 /* CGPDFDocument.h in Headers */,
				8CE35DDC167F8CF100EA3A62 /* ReaderConstants.h in Headers */,
				8CE35DDE167F8CF100EA3A62 /* ReaderContentPage.h in Headers */,
				8CE35DE0167F8CF100EA3A62 /* ReaderContentTile.h in Headers */,
				8CE35DE2167F8CF100EA3A62 /* ReaderContentView.h in Headers */,
				8CE35DE4167F8CF100EA3A62 /* ReaderDocument.h in Headers */,
				8CE35DE6167F8CF100EA3A62 /* ReaderDocumentOutline.h in Headers */,
				8CE35DE8167F8CF100EA3A62 /* ReaderMainPagebar.h in Headers */,
				8CE35DEA167F8CF100EA3A62 /* ReaderMainToolbar.h in Headers */,
				8CE35DEC167F8CF100EA3A62 /* ReaderThumbCache.h in Headers */,
				8CE35DEE167F8CF100EA3A62 /* ReaderThumbFetch.h in Headers */,
				8CE35DF0167F8CF100EA3A62 /* ReaderThumbQueue.h in Headers */,
				8CE35DF2167F8CF100EA3A62 /* ReaderThumbRender.h in Headers */,
				8CE35DF4167F8CF100EA3A62 /* ReaderThumbRequest.h in Headers */,
				8CE35DF6167F8CF100EA3A62 /* ReaderThumbsView.h in Headers */,
				8CE35DF8167F8CF100EA3A62 /* ReaderThumbView.h in Headers */,
				8CE35DFA167F8CF100EA3A62 /* ReaderViewController.h in Headers */,
				8CE35DFC167F8CF100EA3A62 /* ThumbsMainToolbar.h in Headers */,
				8CE35DFE167F8CF100EA3A62 /* ThumbsViewController.h in Headers */,
				8CE35E00167F8CF100EA3A62 /* UIXToolbarView.h in Headers */,
			);
			runOnlyForDeploymentPostprocessing = 0;
		};
/* End PBXHeadersBuildPhase section */

/* Begin PBXNativeTarget section */
		8CF5E3D41524D1AC00ABAD50 /* VfrPdfReader */ = {
			isa = PBXNativeTarget;
			buildConfigurationList = 8CF5E3FC1524D1AC00ABAD50 /* Build configuration list for PBXNativeTarget "VfrPdfReader" */;
			buildPhases = (
				8CF5E3D11524D1AC00ABAD50 /* Sources */,
				8CF5E3D21524D1AC00ABAD50 /* Frameworks */,
				8CF5E3D31524D1AC00ABAD50 /* Headers */,
				8CF5E4991524D9F800ABAD50 /* Resources */,
			);
			buildRules = (
			);
			dependencies = (
			);
			name = VfrPdfReader;
			productName = VfrPdfReader;
			productReference = 8CF5E3D51524D1AC00ABAD50 /* libVfrPdfReader.a */;
			productType = "com.apple.product-type.library.static";
		};
		8CF5E3E41524D1AC00ABAD50 /* VfrPdfReaderTests */ = {
			isa = PBXNativeTarget;
			buildConfigurationList = 8CF5E3FF1524D1AC00ABAD50 /* Build configuration list for PBXNativeTarget "VfrPdfReaderTests" */;
			buildPhases = (
				8CF5E3E01524D1AC00ABAD50 /* Sources */,
				8CF5E3E11524D1AC00ABAD50 /* Frameworks */,
				8CF5E3E21524D1AC00ABAD50 /* Resources */,
				8CF5E3E31524D1AC00ABAD50 /* ShellScript */,
			);
			buildRules = (
			);
			dependencies = (
				8CF5E3EE1524D1AC00ABAD50 /* PBXTargetDependency */,
			);
			name = VfrPdfReaderTests;
			productName = VfrPdfReaderTests;
			productReference = 8CF5E3E51524D1AC00ABAD50 /* VfrPdfReaderTests.octest */;
			productType = "com.apple.product-type.bundle";
		};
/* End PBXNativeTarget section */

/* Begin PBXProject section */
		8CF5E3CC1524D1AB00ABAD50 /* Project object */ = {
			isa = PBXProject;
			attributes = {
				LastUpgradeCheck = 0450;
			};
			buildConfigurationList = 8CF5E3CF1524D1AB00ABAD50 /* Build configuration list for PBXProject "VfrPdfReader" */;
			compatibilityVersion = "Xcode 3.2";
			developmentRegion = English;
			hasScannedForEncodings = 0;
			knownRegions = (
				en,
				de,
			);
			mainGroup = 8CF5E3CA1524D1AB00ABAD50;
			productRefGroup = 8CF5E3D61524D1AC00ABAD50 /* Products */;
			projectDirPath = "";
			projectRoot = "";
			targets = (
				8CF5E3D41524D1AC00ABAD50 /* VfrPdfReader */,
				8CF5E3E41524D1AC00ABAD50 /* VfrPdfReaderTests */,
			);
		};
/* End PBXProject section */

/* Begin PBXResourcesBuildPhase section */
		8CF5E3E21524D1AC00ABAD50 /* Resources */ = {
			isa = PBXResourcesBuildPhase;
			buildActionMask = 2147483647;
			files = (
			);
			runOnlyForDeploymentPostprocessing = 0;
		};
		8CF5E4991524D9F800ABAD50 /* Resources */ = {
			isa = PBXResourcesBuildPhase;
			buildActionMask = 2147483647;
			files = (
			);
			runOnlyForDeploymentPostprocessing = 0;
		};
/* End PBXResourcesBuildPhase section */

/* Begin PBXShellScriptBuildPhase section */
		8CF5E3E31524D1AC00ABAD50 /* ShellScript */ = {
			isa = PBXShellScriptBuildPhase;
			buildActionMask = 2147483647;
			files = (
			);
			inputPaths = (
			);
			outputPaths = (
			);
			runOnlyForDeploymentPostprocessing = 0;
			shellPath = /bin/sh;
			shellScript = "# Run the unit tests in this test bundle.\n\"${SYSTEM_DEVELOPER_DIR}/Tools/RunUnitTests\"\n";
		};
/* End PBXShellScriptBuildPhase section */

/* Begin PBXSourcesBuildPhase section */
		8CF5E3D11524D1AC00ABAD50 /* Sources */ = {
			isa = PBXSourcesBuildPhase;
			buildActionMask = 2147483647;
			files = (
				8CF5E3DF1524D1AC00ABAD50 /* VfrPdfReader.m in Sources */,
				8CF5E4591524D1CA00ABAD50 /* NativePdfReaderHelper.m in Sources */,
				8CE35DDB167F8CF100EA3A62 /* CGPDFDocument.m in Sources */,
				8CE35DDD167F8CF100EA3A62 /* ReaderConstants.m in Sources */,
				8CE35DDF167F8CF100EA3A62 /* ReaderContentPage.m in Sources */,
				8CE35DE1167F8CF100EA3A62 /* ReaderContentTile.m in Sources */,
				8CE35DE3167F8CF100EA3A62 /* ReaderContentView.m in Sources */,
				8CE35DE5167F8CF100EA3A62 /* ReaderDocument.m in Sources */,
				8CE35DE7167F8CF100EA3A62 /* ReaderDocumentOutline.m in Sources */,
				8CE35DE9167F8CF100EA3A62 /* ReaderMainPagebar.m in Sources */,
				8CE35DEB167F8CF100EA3A62 /* ReaderMainToolbar.m in Sources */,
				8CE35DED167F8CF100EA3A62 /* ReaderThumbCache.m in Sources */,
				8CE35DEF167F8CF100EA3A62 /* ReaderThumbFetch.m in Sources */,
				8CE35DF1167F8CF100EA3A62 /* ReaderThumbQueue.m in Sources */,
				8CE35DF3167F8CF100EA3A62 /* ReaderThumbRender.m in Sources */,
				8CE35DF5167F8CF100EA3A62 /* ReaderThumbRequest.m in Sources */,
				8CE35DF7167F8CF100EA3A62 /* ReaderThumbsView.m in Sources */,
				8CE35DF9167F8CF100EA3A62 /* ReaderThumbView.m in Sources */,
				8CE35DFB167F8CF100EA3A62 /* ReaderViewController.m in Sources */,
				8CE35DFD167F8CF100EA3A62 /* ThumbsMainToolbar.m in Sources */,
				8CE35DFF167F8CF100EA3A62 /* ThumbsViewController.m in Sources */,
				8CE35E01167F8CF100EA3A62 /* UIXToolbarView.m in Sources */,
			);
			runOnlyForDeploymentPostprocessing = 0;
		};
		8CF5E3E01524D1AC00ABAD50 /* Sources */ = {
			isa = PBXSourcesBuildPhase;
			buildActionMask = 2147483647;
			files = (
			);
			runOnlyForDeploymentPostprocessing = 0;
		};
/* End PBXSourcesBuildPhase section */

/* Begin PBXTargetDependency section */
		8CF5E3EE1524D1AC00ABAD50 /* PBXTargetDependency */ = {
			isa = PBXTargetDependency;
			target = 8CF5E3D41524D1AC00ABAD50 /* VfrPdfReader */;
			targetProxy = 8CF5E3ED1524D1AC00ABAD50 /* PBXContainerItemProxy */;
		};
/* End PBXTargetDependency section */

/* Begin PBXVariantGroup section */
		8CF5E4221524D1CA00ABAD50 /* Localizable.strings */ = {
			isa = PBXVariantGroup;
			children = (
				8CF5E4231524D1CA00ABAD50 /* de */,
				8CF5E4241524D1CA00ABAD50 /* en */,
			);
			name = Localizable.strings;
			sourceTree = "<group>";
		};
/* End PBXVariantGroup section */

/* Begin XCBuildConfiguration section */
		8CF5E3FA1524D1AC00ABAD50 /* Debug */ = {
			isa = XCBuildConfiguration;
			buildSettings = {
				ALWAYS_SEARCH_USER_PATHS = NO;
				ARCHS = "$(ARCHS_STANDARD_32_BIT)";
				COPY_PHASE_STRIP = NO;
				GCC_C_LANGUAGE_STANDARD = gnu99;
				GCC_DYNAMIC_NO_PIC = NO;
				GCC_OPTIMIZATION_LEVEL = 0;
				GCC_PREPROCESSOR_DEFINITIONS = (
					"DEBUG=1",
					"$(inherited)",
				);
				GCC_SYMBOLS_PRIVATE_EXTERN = NO;
				GCC_VERSION = com.apple.compilers.llvmgcc42;
				GCC_WARN_ABOUT_MISSING_PROTOTYPES = YES;
				GCC_WARN_ABOUT_RETURN_TYPE = YES;
				GCC_WARN_UNUSED_VARIABLE = YES;
				IPHONEOS_DEPLOYMENT_TARGET = 4.3;
				ONLY_ACTIVE_ARCH = YES;
				SDKROOT = iphoneos;
			};
			name = Debug;
		};
		8CF5E3FB1524D1AC00ABAD50 /* Release */ = {
			isa = XCBuildConfiguration;
			buildSettings = {
				ALWAYS_SEARCH_USER_PATHS = NO;
				ARCHS = "$(ARCHS_STANDARD_32_BIT)";
				COPY_PHASE_STRIP = YES;
				GCC_C_LANGUAGE_STANDARD = gnu99;
				GCC_VERSION = com.apple.compilers.llvmgcc42;
				GCC_WARN_ABOUT_MISSING_PROTOTYPES = YES;
				GCC_WARN_ABOUT_RETURN_TYPE = YES;
				GCC_WARN_UNUSED_VARIABLE = YES;
				IPHONEOS_DEPLOYMENT_TARGET = 4.3;
				ONLY_ACTIVE_ARCH = YES;
				SDKROOT = iphoneos;
				VALIDATE_PRODUCT = YES;
			};
			name = Release;
		};
		8CF5E3FD1524D1AC00ABAD50 /* Debug */ = {
			isa = XCBuildConfiguration;
			buildSettings = {
				CLANG_ENABLE_OBJC_ARC = YES;
				CLANG_WARN_OBJCPP_ARC_ABI = YES;
				CONFIGURATION_BUILD_DIR = "$(CONFIGURATION)$(EFFECTIVE_PLATFORM_NAME)";
				DSTROOT = /tmp/VfrPdfReader.dst;
				GCC_PRECOMPILE_PREFIX_HEADER = YES;
				GCC_PREFIX_HEADER = "VfrPdfReader/VfrPdfReader-Prefix.pch";
				GCC_VERSION = com.apple.compilers.llvm.clang.1_0;
				OTHER_LDFLAGS = "-ObjC";
				PRODUCT_NAME = "$(TARGET_NAME)";
				SKIP_INSTALL = YES;
				TARGETED_DEVICE_FAMILY = "1,2";
			};
			name = Debug;
		};
		8CF5E3FE1524D1AC00ABAD50 /* Release */ = {
			isa = XCBuildConfiguration;
			buildSettings = {
				CLANG_ENABLE_OBJC_ARC = YES;
				CLANG_WARN_OBJCPP_ARC_ABI = YES;
				CONFIGURATION_BUILD_DIR = "$(CONFIGURATION)$(EFFECTIVE_PLATFORM_NAME)";
				DSTROOT = /tmp/VfrPdfReader.dst;
				GCC_PRECOMPILE_PREFIX_HEADER = YES;
				GCC_PREFIX_HEADER = "VfrPdfReader/VfrPdfReader-Prefix.pch";
				GCC_VERSION = com.apple.compilers.llvm.clang.1_0;
				OTHER_LDFLAGS = "-ObjC";
				PRODUCT_NAME = "$(TARGET_NAME)";
				SKIP_INSTALL = YES;
				TARGETED_DEVICE_FAMILY = "1,2";
			};
			name = Release;
		};
		8CF5E4001524D1AC00ABAD50 /* Debug */ = {
			isa = XCBuildConfiguration;
			buildSettings = {
				FRAMEWORK_SEARCH_PATHS = (
					"$(SDKROOT)/Developer/Library/Frameworks",
					"$(DEVELOPER_LIBRARY_DIR)/Frameworks",
				);
				GCC_PRECOMPILE_PREFIX_HEADER = YES;
				GCC_PREFIX_HEADER = "VfrPdfReader/VfrPdfReader-Prefix.pch";
				GCC_VERSION = com.apple.compilers.llvm.clang.1_0;
				INFOPLIST_FILE = "VfrPdfReaderTests/VfrPdfReaderTests-Info.plist";
				PRODUCT_NAME = "$(TARGET_NAME)";
				WRAPPER_EXTENSION = octest;
			};
			name = Debug;
		};
		8CF5E4011524D1AC00ABAD50 /* Release */ = {
			isa = XCBuildConfiguration;
			buildSettings = {
				FRAMEWORK_SEARCH_PATHS = (
					"$(SDKROOT)/Developer/Library/Frameworks",
					"$(DEVELOPER_LIBRARY_DIR)/Frameworks",
				);
				GCC_PRECOMPILE_PREFIX_HEADER = YES;
				GCC_PREFIX_HEADER = "VfrPdfReader/VfrPdfReader-Prefix.pch";
				GCC_VERSION = com.apple.compilers.llvm.clang.1_0;
				INFOPLIST_FILE = "VfrPdfReaderTests/VfrPdfReaderTests-Info.plist";
				PRODUCT_NAME = "$(TARGET_NAME)";
				WRAPPER_EXTENSION = octest;
			};
			name = Release;
		};
/* End XCBuildConfiguration section */

/* Begin XCConfigurationList section */
		8CF5E3CF1524D1AB00ABAD50 /* Build configuration list for PBXProject "VfrPdfReader" */ = {
			isa = XCConfigurationList;
			buildConfigurations = (
				8CF5E3FA1524D1AC00ABAD50 /* Debug */,
				8CF5E3FB1524D1AC00ABAD50 /* Release */,
			);
			defaultConfigurationIsVisible = 0;
			defaultConfigurationName = Release;
		};
		8CF5E3FC1524D1AC00ABAD50 /* Build configuration list for PBXNativeTarget "VfrPdfReader" */ = {
			isa = XCConfigurationList;
			buildConfigurations = (
				8CF5E3FD1524D1AC00ABAD50 /* Debug */,
				8CF5E3FE1524D1AC00ABAD50 /* Release */,
			);
			defaultConfigurationIsVisible = 0;
			defaultConfigurationName = Release;
		};
		8CF5E3FF1524D1AC00ABAD50 /* Build configuration list for PBXNativeTarget "VfrPdfReaderTests" */ = {
			isa = XCConfigurationList;
			buildConfigurations = (
				8CF5E4001524D1AC00ABAD50 /* Debug */,
				8CF5E4011524D1AC00ABAD50 /* Release */,
			);
			defaultConfigurationIsVisible = 0;
			defaultConfigurationName = Release;
		};
/* End XCConfigurationList section */
	};
	rootObject = 8CF5E3CC1524D1AB00ABAD50 /* Project object */;
}
